<?xml version="1.0" encoding="utf-8"?>
<Project ToolsVersion="4.0" xmlns="http://schemas.microsoft.com/developer/msbuild/2003">
  <ItemGroup>
    <Filter Include="Source Files">
      <UniqueIdentifier>{4FC737F1-C7A5-4376-A066-2A32D752A2FF}</UniqueIdentifier>
      <Extensions>cpp;c;cc;cxx;def;odl;idl;hpj;bat;asm;asmx</Extensions>
    </Filter>
    <Filter Include="Resource Files">
      <UniqueIdentifier>{67DA6AB6-F800-4c08-8B7A-83BB121AAD01}</UniqueIdentifier>
      <Extensions>rc;ico;cur;bmp;dlg;rc2;rct;bin;rgs;gif;jpg;jpeg;jpe;resx;tiff;tif;png;wav</Extensions>
    </Filter>
    <Filter Include="Source Files\Tasking">
      <UniqueIdentifier>{0ef9936f-30e7-4683-9056-64f43935119c}</UniqueIdentifier>
    </Filter>
    <Filter Include="Source Files\Memory">
      <UniqueIdentifier>{bd709665-7feb-4e78-828c-e059994ea88f}</UniqueIdentifier>
    </Filter>
    <Filter Include="Source Files\AI">
      <UniqueIdentifier>{c9e6dd5c-e75b-40ed-a26e-fb435e68c9eb}</UniqueIdentifier>
    </Filter>
    <Filter Include="Source Files\BT">
      <UniqueIdentifier>{965252e8-c3b0-4345-8ee3-2c3b742d0753}</UniqueIdentifier>
    </Filter>
  </ItemGroup>
  <ItemGroup>
    <ClCompile Include="Source/ClientLink.cpp">
      <Filter>Source Files</Filter>
    </ClCompile>
    <ClCompile Include="Source\Tasker.cpp">
      <Filter>Source Files\Tasking</Filter>
    </ClCompile>
    <ClCompile Include="Source\Task.cpp">
      <Filter>Source Files\Tasking</Filter>
    </ClCompile>
    <ClCompile Include="Source\TaskManager.cpp">
      <Filter>Source Files\Tasking</Filter>
    </ClCompile>
    <ClCompile Include="Source\Executer.cpp">
      <Filter>Source Files\Tasking</Filter>
    </ClCompile>
    <ClCompile Include="Source\Module.cpp">
      <Filter>Source Files\AI</Filter>
    </ClCompile>
    <ClCompile Include="Source/Commander.cpp">
      <Filter>Source Files\AI</Filter>
    </ClCompile>
    <ClCompile Include="Source\Log.cpp">
      <Filter>Source Files</Filter>
    </ClCompile>
    <ClCompile Include="Source\MicroManager.cpp">
      <Filter>Source Files\AI</Filter>
    </ClCompile>
    <ClCompile Include="Source\MacroManager.cpp">
      <Filter>Source Files\AI</Filter>
    </ClCompile>
    <ClCompile Include="Source\Slab.cpp">
      <Filter>Source Files\Memory</Filter>
    </ClCompile>
    <ClCompile Include="Source\Types.cpp">
      <Filter>Source Files\Memory</Filter>
    </ClCompile>
    <ClCompile Include="Source\SlabAllocator.cpp">
      <Filter>Source Files\Memory</Filter>
    </ClCompile>
    <ClCompile Include="Source\Behavior.cpp">
      <Filter>Source Files\BT</Filter>
    </ClCompile>
    <ClCompile Include="Source\BehaviorTree.cpp">
      <Filter>Source Files\BT</Filter>
    </ClCompile>
    <ClCompile Include="Source\ActionBehavior.cpp">
      <Filter>Source Files\BT</Filter>
    </ClCompile>
    <ClCompile Include="Source\Sequence.cpp">
      <Filter>Source Files\BT</Filter>
    </ClCompile>
    <ClCompile Include="Source\Selector.cpp">
      <Filter>Source Files\BT</Filter>
    </ClCompile>
    <ClCompile Include="Source\Conditional.cpp">
      <Filter>Source Files\BT</Filter>
    </ClCompile>
    <ClCompile Include="Source\Loop.cpp">
      <Filter>Source Files\BT</Filter>
    </ClCompile>
    <ClCompile Include="Source\ResourceManager.cpp">
      <Filter>Source Files\AI</Filter>
    </ClCompile>
    <ClCompile Include="Source\MacroPlanner.cpp">
      <Filter>Source Files\AI</Filter>
    </ClCompile>
    <ClCompile Include="Source\ResourceRequest.cpp">
      <Filter>Source Files\AI</Filter>
    </ClCompile>
    <ClCompile Include="Source\ResourceRequestAnswer.cpp">
      <Filter>Source Files\AI</Filter>
    </ClCompile>
  </ItemGroup>
  <ItemGroup>
    <ClInclude Include="Source/ClientLink.h">
      <Filter>Source Files</Filter>
    </ClInclude>
    <ClInclude Include="Source\Tasker.h">
      <Filter>Source Files\Tasking</Filter>
    </ClInclude>
    <ClInclude Include="Source\Task.h">
      <Filter>Source Files\Tasking</Filter>
    </ClInclude>
    <ClInclude Include="Source\TaskManager.h">
      <Filter>Source Files\Tasking</Filter>
    </ClInclude>
    <ClInclude Include="Source\Executer.h">
      <Filter>Source Files\Tasking</Filter>
    </ClInclude>
    <ClInclude Include="Source\Module.h">
      <Filter>Source Files\AI</Filter>
    </ClInclude>
    <ClInclude Include="Source/Commander.h">
      <Filter>Source Files\AI</Filter>
    </ClInclude>
    <ClInclude Include="Source\Log.h">
      <Filter>Source Files</Filter>
    </ClInclude>
    <ClInclude Include="Source\MicroManager.h">
      <Filter>Source Files\AI</Filter>
    </ClInclude>
    <ClInclude Include="Source\MacroManager.h">
      <Filter>Source Files\AI</Filter>
    </ClInclude>
    <ClInclude Include="Source\Slab.h">
      <Filter>Source Files\Memory</Filter>
    </ClInclude>
    <ClInclude Include="Source\Types.h">
      <Filter>Source Files\Memory</Filter>
    </ClInclude>
    <ClInclude Include="Source\SlabAllocator.h">
      <Filter>Source Files\Memory</Filter>
    </ClInclude>
    <ClInclude Include="Source\Behavior.h">
      <Filter>Source Files\BT</Filter>
    </ClInclude>
    <ClInclude Include="Source\BehaviorTree.h">
      <Filter>Source Files\BT</Filter>
    </ClInclude>
    <ClInclude Include="Source\ActionBehavior.h">
      <Filter>Source Files\BT</Filter>
    </ClInclude>
    <ClInclude Include="Source\Sequence.h">
      <Filter>Source Files\BT</Filter>
    </ClInclude>
    <ClInclude Include="Source\Selector.h">
      <Filter>Source Files\BT</Filter>
    </ClInclude>
    <ClInclude Include="Source\Conditional.h">
      <Filter>Source Files\BT</Filter>
    </ClInclude>
    <ClInclude Include="Source\Loop.h">
      <Filter>Source Files\BT</Filter>
    </ClInclude>
    <ClInclude Include="Source\IPlanner.h">
      <Filter>Source Files\AI</Filter>
    </ClInclude>
    <ClInclude Include="Source\IActuator.h">
      <Filter>Source Files\AI</Filter>
    </ClInclude>
    <ClInclude Include="Source\ResourceManager.h">
      <Filter>Source Files\AI</Filter>
    </ClInclude>
    <ClInclude Include="Source\ResourceRequestAnswer.h">
      <Filter>Source Files\AI</Filter>
    </ClInclude>
    <ClInclude Include="Source\MacroPlanner.h">
      <Filter>Source Files\AI</Filter>
    </ClInclude>
    <ClInclude Include="Source\Measure.h">
      <Filter>Source Files\AI</Filter>
    </ClInclude>
    <ClInclude Include="Source\ResourceRequest.h">
      <Filter>Source Files\AI</Filter>
    </ClInclude>
  </ItemGroup>
</Project>